
Microsoft Visual Studio Solution File, Format Version 12.00
# Visual Studio Version 16
VisualStudioVersion = 16.0.31005.135
MinimumVisualStudioVersion = 10.0.40219.1
Project("{9A19103F-16F7-4668-BE54-9A1E7A4F7556}") = "Boilerplate.API", "Boilerplate.API\Boilerplate.API.csproj", "{39980927-66CA-4962-B474-402527EFB400}"
EndProject
Project("{9A19103F-16F7-4668-BE54-9A1E7A4F7556}") = "Boilerplate.Domain", "Boilerplate.Domain\Boilerplate.Domain.csproj", "{F9C09DA7-3DF6-4491-9A42-D52FBB9D9B4D}"
EndProject
Project("{9A19103F-16F7-4668-BE54-9A1E7A4F7556}") = "Boilerplate.Models", "Boilerplate.Validator\Boilerplate.Models.csproj", "{54491F96-961E-427C-A721-3FE34E9A1D1A}"
EndProject
Project("{9A19103F-16F7-4668-BE54-9A1E7A4F7556}") = "Boilerplate.Services", "Boilerplate.Services\Boilerplate.Services.csproj", "{0871E7A7-321D-427C-99FA-0B80C9B11106}"
EndProject
Project("{2150E333-8FDC-42A3-9474-1A3956D46DE8}") = "Boilerplate.UI", "Boilerplate.UI", "{A02DCAB8-8D24-4C86-B21B-60ED5BF8D13C}"
	ProjectSection(SolutionItems) = preProject
		..\..\..\auth-app.rar = ..\..\..\auth-app.rar
		..\..\Front boilerplate\index.html = ..\..\Front boilerplate\index.html
		..\..\Front boilerplate\simpleCode.js = ..\..\Front boilerplate\simpleCode.js
		..\..\Front boilerplate\styles.scss = ..\..\Front boilerplate\styles.scss
	EndProjectSection
EndProject
Project("{9A19103F-16F7-4668-BE54-9A1E7A4F7556}") = "Boilerplate.Utilities", "Boilerplate.Utilities\Boilerplate.Utilities.csproj", "{2E77B9D6-0105-4177-8A1B-2A5E972F1E42}"
EndProject
Project("{FAE04EC0-301F-11D3-BF4B-00C04F79EFBC}") = "Boilerplate.Authentication", "Boilerplate.Authentication\Boilerplate.Authentication.csproj", "{B0A3D5A7-9517-421B-A96A-F9F5694DB7E9}"
EndProject
Global
	GlobalSection(SolutionConfigurationPlatforms) = preSolution
		Debug|Any CPU = Debug|Any CPU
		Release|Any CPU = Release|Any CPU
	EndGlobalSection
	GlobalSection(ProjectConfigurationPlatforms) = postSolution
		{39980927-66CA-4962-B474-402527EFB400}.Debug|Any CPU.ActiveCfg = Debug|Any CPU
		{39980927-66CA-4962-B474-402527EFB400}.Debug|Any CPU.Build.0 = Debug|Any CPU
		{39980927-66CA-4962-B474-402527EFB400}.Release|Any CPU.ActiveCfg = Release|Any CPU
		{39980927-66CA-4962-B474-402527EFB400}.Release|Any CPU.Build.0 = Release|Any CPU
		{F9C09DA7-3DF6-4491-9A42-D52FBB9D9B4D}.Debug|Any CPU.ActiveCfg = Debug|Any CPU
		{F9C09DA7-3DF6-4491-9A42-D52FBB9D9B4D}.Debug|Any CPU.Build.0 = Debug|Any CPU
		{F9C09DA7-3DF6-4491-9A42-D52FBB9D9B4D}.Release|Any CPU.ActiveCfg = Release|Any CPU
		{F9C09DA7-3DF6-4491-9A42-D52FBB9D9B4D}.Release|Any CPU.Build.0 = Release|Any CPU
		{54491F96-961E-427C-A721-3FE34E9A1D1A}.Debug|Any CPU.ActiveCfg = Debug|Any CPU
		{54491F96-961E-427C-A721-3FE34E9A1D1A}.Debug|Any CPU.Build.0 = Debug|Any CPU
		{54491F96-961E-427C-A721-3FE34E9A1D1A}.Release|Any CPU.ActiveCfg = Release|Any CPU
		{54491F96-961E-427C-A721-3FE34E9A1D1A}.Release|Any CPU.Build.0 = Release|Any CPU
		{0871E7A7-321D-427C-99FA-0B80C9B11106}.Debug|Any CPU.ActiveCfg = Debug|Any CPU
		{0871E7A7-321D-427C-99FA-0B80C9B11106}.Debug|Any CPU.Build.0 = Debug|Any CPU
		{0871E7A7-321D-427C-99FA-0B80C9B11106}.Release|Any CPU.ActiveCfg = Release|Any CPU
		{0871E7A7-321D-427C-99FA-0B80C9B11106}.Release|Any CPU.Build.0 = Release|Any CPU
		{2E77B9D6-0105-4177-8A1B-2A5E972F1E42}.Debug|Any CPU.ActiveCfg = Debug|Any CPU
		{2E77B9D6-0105-4177-8A1B-2A5E972F1E42}.Debug|Any CPU.Build.0 = Debug|Any CPU
		{2E77B9D6-0105-4177-8A1B-2A5E972F1E42}.Release|Any CPU.ActiveCfg = Release|Any CPU
		{2E77B9D6-0105-4177-8A1B-2A5E972F1E42}.Release|Any CPU.Build.0 = Release|Any CPU
		{B0A3D5A7-9517-421B-A96A-F9F5694DB7E9}.Debug|Any CPU.ActiveCfg = Debug|Any CPU
		{B0A3D5A7-9517-421B-A96A-F9F5694DB7E9}.Debug|Any CPU.Build.0 = Debug|Any CPU
		{B0A3D5A7-9517-421B-A96A-F9F5694DB7E9}.Release|Any CPU.ActiveCfg = Release|Any CPU
		{B0A3D5A7-9517-421B-A96A-F9F5694DB7E9}.Release|Any CPU.Build.0 = Release|Any CPU
	EndGlobalSection
	GlobalSection(SolutionProperties) = preSolution
		HideSolutionNode = FALSE
	EndGlobalSection
	GlobalSection(ExtensibilityGlobals) = postSolution
		SolutionGuid = {528898C3-530B-4C54-8BF1-AD93AF345513}
	EndGlobalSection
EndGlobal
